
Microsoft Visual Studio Solution File, Format Version 12.00
# Visual Studio Version 16
VisualStudioVersion = 16.0.29411.108
MinimumVisualStudioVersion = 10.0.40219.1
Project("{9A19103F-16F7-4668-BE54-9A1E7A4F7556}") = "IP2Country", "IP2Country\IP2Country.csproj", "{46B3C486-E9A5-469B-BF61-FEB62CBA9E78}"
EndProject
Project("{9A19103F-16F7-4668-BE54-9A1E7A4F7556}") = "DemoApp", "DemoApp\DemoApp.csproj", "{B98B1142-64FF-40D4-9026-E7F95CE17218}"
EndProject
Project("{FAE04EC0-301F-11D3-BF4B-00C04F79EFBC}") = "IP2Country.Tests", "IP2Country.Tests\IP2Country.Tests.csproj", "{B97F6DB3-39CE-49BC-8999-CCE35B5939D9}"
	ProjectSection(ProjectDependencies) = postProject
		{21C23F29-B9ED-4358-A721-BBE13ED30509} = {21C23F29-B9ED-4358-A721-BBE13ED30509}
		{E64B515F-FAF7-47AC-A932-ED04D97B07AE} = {E64B515F-FAF7-47AC-A932-ED04D97B07AE}
		{0B3BBC61-56E6-478F-B146-5728009688D1} = {0B3BBC61-56E6-478F-B146-5728009688D1}
		{46B3C486-E9A5-469B-BF61-FEB62CBA9E78} = {46B3C486-E9A5-469B-BF61-FEB62CBA9E78}
		{ADE43789-FD2F-4FBF-9C08-19B478D9C26B} = {ADE43789-FD2F-4FBF-9C08-19B478D9C26B}
		{BE28338E-C67D-4116-9F91-E130915BD94C} = {BE28338E-C67D-4116-9F91-E130915BD94C}
		{215DB9A6-1F8A-4E1B-B675-21E14E3AE94C} = {215DB9A6-1F8A-4E1B-B675-21E14E3AE94C}
		{BBB269BA-1E65-4F81-8302-74B320FA4813} = {BBB269BA-1E65-4F81-8302-74B320FA4813}
		{ABC17BBF-59A0-4E7C-963E-D931ED2C7818} = {ABC17BBF-59A0-4E7C-963E-D931ED2C7818}
		{FC2C9EE4-D834-43E3-80EE-E8EFC6462B6C} = {FC2C9EE4-D834-43E3-80EE-E8EFC6462B6C}
	EndProjectSection
EndProject
Project("{9A19103F-16F7-4668-BE54-9A1E7A4F7556}") = "IP2Country.MaxMind", "IP2Country.MaxMind\IP2Country.MaxMind.csproj", "{BE28338E-C67D-4116-9F91-E130915BD94C}"
EndProject
Project("{9A19103F-16F7-4668-BE54-9A1E7A4F7556}") = "IP2Country.WebNet77", "IP2Country.WebNet77\IP2Country.WebNet77.csproj", "{0B3BBC61-56E6-478F-B146-5728009688D1}"
EndProject
Project("{9A19103F-16F7-4668-BE54-9A1E7A4F7556}") = "IP2Country.DbIp", "IP2Country.DbIp\IP2Country.DbIp.csproj", "{E64B515F-FAF7-47AC-A932-ED04D97B07AE}"
EndProject
Project("{9A19103F-16F7-4668-BE54-9A1E7A4F7556}") = "IP2Country.IP2IQ", "IP2Country.IP2IQ\IP2Country.IP2IQ.csproj", "{ADE43789-FD2F-4FBF-9C08-19B478D9C26B}"
EndProject
Project("{9A19103F-16F7-4668-BE54-9A1E7A4F7556}") = "IP2Country.Ludost", "IP2Country.Ludost\IP2Country.Ludost.csproj", "{ABC17BBF-59A0-4E7C-963E-D931ED2C7818}"
EndProject
Project("{9A19103F-16F7-4668-BE54-9A1E7A4F7556}") = "IP2Country.MarkusGo", "IP2Country.MarkusGo\IP2Country.MarkusGo.csproj", "{215DB9A6-1F8A-4E1B-B675-21E14E3AE94C}"
EndProject
Project("{9A19103F-16F7-4668-BE54-9A1E7A4F7556}") = "IP2Country.Registries", "IP2Country.Registries\IP2Country.Registries.csproj", "{21C23F29-B9ED-4358-A721-BBE13ED30509}"
EndProject
Project("{9A19103F-16F7-4668-BE54-9A1E7A4F7556}") = "IP2Country.IpToAsn", "IP2Country.IpToAsn\IP2Country.IpToAsn.csproj", "{FC2C9EE4-D834-43E3-80EE-E8EFC6462B6C}"
EndProject
Project("{9A19103F-16F7-4668-BE54-9A1E7A4F7556}") = "IP2Country.DataSources.CSVFile", "IP2Country.DataSources.CSVFile\IP2Country.DataSources.CSVFile.csproj", "{BBB269BA-1E65-4F81-8302-74B320FA4813}"
EndProject
Project("{2150E333-8FDC-42A3-9474-1A3956D46DE8}") = "Solution Items", "Solution Items", "{73F0E4D4-4517-4D21-A5D3-C98029FACB32}"
	ProjectSection(SolutionItems) = preProject
		icon.png = icon.png
		LICENSE = LICENSE
		README.md = README.md
	EndProjectSection
EndProject
Project("{9A19103F-16F7-4668-BE54-9A1E7A4F7556}") = "DemoWebService", "DemoWebService\DemoWebService.csproj", "{ADDF0E4A-3B86-499F-9FEE-1B6155E0056A}"
EndProject
Project("{9A19103F-16F7-4668-BE54-9A1E7A4F7556}") = "IP2Country.IP2Location.Lite", "IP2Country.IP2Location.Lite\IP2Country.IP2Location.Lite.csproj", "{EA198ABF-31B5-4097-9E50-8D673D87D576}"
EndProject
Project("{FAE04EC0-301F-11D3-BF4B-00C04F79EFBC}") = "IP2Country.Caching", "IP2Country.Caching\IP2Country.Caching.csproj", "{05BFE775-44E8-4E14-B3BE-064ED6741020}"
EndProject
Global
	GlobalSection(SolutionConfigurationPlatforms) = preSolution
		Debug|Any CPU = Debug|Any CPU
		Release|Any CPU = Release|Any CPU
	EndGlobalSection
	GlobalSection(ProjectConfigurationPlatforms) = postSolution
		{46B3C486-E9A5-469B-BF61-FEB62CBA9E78}.Debug|Any CPU.ActiveCfg = Debug|Any CPU
		{46B3C486-E9A5-469B-BF61-FEB62CBA9E78}.Debug|Any CPU.Build.0 = Debug|Any CPU
		{46B3C486-E9A5-469B-BF61-FEB62CBA9E78}.Release|Any CPU.ActiveCfg = Release|Any CPU
		{46B3C486-E9A5-469B-BF61-FEB62CBA9E78}.Release|Any CPU.Build.0 = Release|Any CPU
		{B98B1142-64FF-40D4-9026-E7F95CE17218}.Debug|Any CPU.ActiveCfg = Debug|Any CPU
		{B98B1142-64FF-40D4-9026-E7F95CE17218}.Debug|Any CPU.Build.0 = Debug|Any CPU
		{B98B1142-64FF-40D4-9026-E7F95CE17218}.Release|Any CPU.ActiveCfg = Release|Any CPU
		{B98B1142-64FF-40D4-9026-E7F95CE17218}.Release|Any CPU.Build.0 = Release|Any CPU
		{B97F6DB3-39CE-49BC-8999-CCE35B5939D9}.Debug|Any CPU.ActiveCfg = Debug|Any CPU
		{B97F6DB3-39CE-49BC-8999-CCE35B5939D9}.Debug|Any CPU.Build.0 = Debug|Any CPU
		{B97F6DB3-39CE-49BC-8999-CCE35B5939D9}.Release|Any CPU.ActiveCfg = Release|Any CPU
		{B97F6DB3-39CE-49BC-8999-CCE35B5939D9}.Release|Any CPU.Build.0 = Release|Any CPU
		{BE28338E-C67D-4116-9F91-E130915BD94C}.Debug|Any CPU.ActiveCfg = Debug|Any CPU
		{BE28338E-C67D-4116-9F91-E130915BD94C}.Debug|Any CPU.Build.0 = Debug|Any CPU
		{BE28338E-C67D-4116-9F91-E130915BD94C}.Release|Any CPU.ActiveCfg = Release|Any CPU
		{BE28338E-C67D-4116-9F91-E130915BD94C}.Release|Any CPU.Build.0 = Release|Any CPU
		{0B3BBC61-56E6-478F-B146-5728009688D1}.Debug|Any CPU.ActiveCfg = Debug|Any CPU
		{0B3BBC61-56E6-478F-B146-5728009688D1}.Debug|Any CPU.Build.0 = Debug|Any CPU
		{0B3BBC61-56E6-478F-B146-5728009688D1}.Release|Any CPU.ActiveCfg = Release|Any CPU
		{0B3BBC61-56E6-478F-B146-5728009688D1}.Release|Any CPU.Build.0 = Release|Any CPU
		{E64B515F-FAF7-47AC-A932-ED04D97B07AE}.Debug|Any CPU.ActiveCfg = Debug|Any CPU
		{E64B515F-FAF7-47AC-A932-ED04D97B07AE}.Debug|Any CPU.Build.0 = Debug|Any CPU
		{E64B515F-FAF7-47AC-A932-ED04D97B07AE}.Release|Any CPU.ActiveCfg = Release|Any CPU
		{E64B515F-FAF7-47AC-A932-ED04D97B07AE}.Release|Any CPU.Build.0 = Release|Any CPU
		{ADE43789-FD2F-4FBF-9C08-19B478D9C26B}.Debug|Any CPU.ActiveCfg = Debug|Any CPU
		{ADE43789-FD2F-4FBF-9C08-19B478D9C26B}.Debug|Any CPU.Build.0 = Debug|Any CPU
		{ADE43789-FD2F-4FBF-9C08-19B478D9C26B}.Release|Any CPU.ActiveCfg = Release|Any CPU
		{ADE43789-FD2F-4FBF-9C08-19B478D9C26B}.Release|Any CPU.Build.0 = Release|Any CPU
		{ABC17BBF-59A0-4E7C-963E-D931ED2C7818}.Debug|Any CPU.ActiveCfg = Debug|Any CPU
		{ABC17BBF-59A0-4E7C-963E-D931ED2C7818}.Debug|Any CPU.Build.0 = Debug|Any CPU
		{ABC17BBF-59A0-4E7C-963E-D931ED2C7818}.Release|Any CPU.ActiveCfg = Release|Any CPU
		{ABC17BBF-59A0-4E7C-963E-D931ED2C7818}.Release|Any CPU.Build.0 = Release|Any CPU
		{215DB9A6-1F8A-4E1B-B675-21E14E3AE94C}.Debug|Any CPU.ActiveCfg = Debug|Any CPU
		{215DB9A6-1F8A-4E1B-B675-21E14E3AE94C}.Debug|Any CPU.Build.0 = Debug|Any CPU
		{215DB9A6-1F8A-4E1B-B675-21E14E3AE94C}.Release|Any CPU.ActiveCfg = Release|Any CPU
		{215DB9A6-1F8A-4E1B-B675-21E14E3AE94C}.Release|Any CPU.Build.0 = Release|Any CPU
		{21C23F29-B9ED-4358-A721-BBE13ED30509}.Debug|Any CPU.ActiveCfg = Debug|Any CPU
		{21C23F29-B9ED-4358-A721-BBE13ED30509}.Debug|Any CPU.Build.0 = Debug|Any CPU
		{21C23F29-B9ED-4358-A721-BBE13ED30509}.Release|Any CPU.ActiveCfg = Release|Any CPU
		{21C23F29-B9ED-4358-A721-BBE13ED30509}.Release|Any CPU.Build.0 = Release|Any CPU
		{FC2C9EE4-D834-43E3-80EE-E8EFC6462B6C}.Debug|Any CPU.ActiveCfg = Debug|Any CPU
		{FC2C9EE4-D834-43E3-80EE-E8EFC6462B6C}.Debug|Any CPU.Build.0 = Debug|Any CPU
		{FC2C9EE4-D834-43E3-80EE-E8EFC6462B6C}.Release|Any CPU.ActiveCfg = Release|Any CPU
		{FC2C9EE4-D834-43E3-80EE-E8EFC6462B6C}.Release|Any CPU.Build.0 = Release|Any CPU
		{BBB269BA-1E65-4F81-8302-74B320FA4813}.Debug|Any CPU.ActiveCfg = Debug|Any CPU
		{BBB269BA-1E65-4F81-8302-74B320FA4813}.Debug|Any CPU.Build.0 = Debug|Any CPU
		{BBB269BA-1E65-4F81-8302-74B320FA4813}.Release|Any CPU.ActiveCfg = Release|Any CPU
		{BBB269BA-1E65-4F81-8302-74B320FA4813}.Release|Any CPU.Build.0 = Release|Any CPU
		{ADDF0E4A-3B86-499F-9FEE-1B6155E0056A}.Debug|Any CPU.ActiveCfg = Debug|Any CPU
		{ADDF0E4A-3B86-499F-9FEE-1B6155E0056A}.Debug|Any CPU.Build.0 = Debug|Any CPU
		{ADDF0E4A-3B86-499F-9FEE-1B6155E0056A}.Release|Any CPU.ActiveCfg = Release|Any CPU
		{ADDF0E4A-3B86-499F-9FEE-1B6155E0056A}.Release|Any CPU.Build.0 = Release|Any CPU
		{EA198ABF-31B5-4097-9E50-8D673D87D576}.Debug|Any CPU.ActiveCfg = Debug|Any CPU
		{EA198ABF-31B5-4097-9E50-8D673D87D576}.Debug|Any CPU.Build.0 = Debug|Any CPU
		{EA198ABF-31B5-4097-9E50-8D673D87D576}.Release|Any CPU.ActiveCfg = Release|Any CPU
		{EA198ABF-31B5-4097-9E50-8D673D87D576}.Release|Any CPU.Build.0 = Release|Any CPU
		{05BFE775-44E8-4E14-B3BE-064ED6741020}.Debug|Any CPU.ActiveCfg = Debug|Any CPU
		{05BFE775-44E8-4E14-B3BE-064ED6741020}.Debug|Any CPU.Build.0 = Debug|Any CPU
		{05BFE775-44E8-4E14-B3BE-064ED6741020}.Release|Any CPU.ActiveCfg = Release|Any CPU
		{05BFE775-44E8-4E14-B3BE-064ED6741020}.Release|Any CPU.Build.0 = Release|Any CPU
	EndGlobalSection
	GlobalSection(SolutionProperties) = preSolution
		HideSolutionNode = FALSE
	EndGlobalSection
	GlobalSection(ExtensibilityGlobals) = postSolution
		SolutionGuid = {A0447096-D5B1-4F56-ABB4-2CF7611CFE45}
	EndGlobalSection
EndGlobal
